
Microsoft Visual Studio Solution File, Format Version 12.00
# Visual Studio 15
Project("{FAE04EC0-301F-11D3-BF4B-00C04F79EFBC}") = "HelloCSharp", "HelloCSharp.csproj", "{280D6D57-761F-4FC0-9C10-B401E89F21E6}"
EndProject
Global
	GlobalSection(SolutionConfigurationPlatforms) = preSolution
		Debug|Any CPU = Debug|Any CPU
		Release|Any CPU = Release|Any CPU
	EndGlobalSection
	GlobalSection(ProjectConfigurationPlatforms) = postSolution
		{280D6D57-761F-4FC0-9C10-B401E89F21E6}.Debug|Any CPU.ActiveCfg = Debug|Any CPU
		{280D6D57-761F-4FC0-9C10-B401E89F21E6}.Debug|Any CPU.Build.0 = Debug|Any CPU
		{280D6D57-761F-4FC0-9C10-B401E89F21E6}.Release|Any CPU.ActiveCfg = Release|Any CPU
		{280D6D57-761F-4FC0-9C10-B401E89F21E6}.Release|Any CPU.Build.0 = Release|Any CPU
	EndGlobalSection
EndGlobal
